
Microsoft Visual Studio Solution File, Format Version 12.00
# Visual Studio Version 17
VisualStudioVersion = 17.1.32421.90
MinimumVisualStudioVersion = 12.0.21005.1
Project("{FAE04EC0-301F-11D3-BF4B-00C04F79EFBC}") = "DirAtSource", "CopySeries\DirAtSource\DirAtSource.csproj", "{CFBED7F4-C507-4F7E-A6D6-FCCA48202231}"
EndProject
Project("{FAE04EC0-301F-11D3-BF4B-00C04F79EFBC}") = "CopySeriesLib", "CopySeries\CopySeriesLib\CopySeriesLib.csproj", "{1884DE15-E601-47F5-812E-4F6F42AA5D7D}"
EndProject
Project("{FAE04EC0-301F-11D3-BF4B-00C04F79EFBC}") = "CopySeriesIntoShareAtTarget", "CopySeries\CopySeriesIntoShareAtTarget\CopySeriesIntoShareAtTarget.csproj", "{F29B2C84-E92F-4049-9C10-E91134D21ECF}"
EndProject
Project("{2150E333-8FDC-42A3-9474-1A3956D46DE8}") = "Target", "Target", "{76CC9F73-25F8-42BA-9F82-CC131D1D1537}"
EndProject
Project("{2150E333-8FDC-42A3-9474-1A3956D46DE8}") = "Source", "Source", "{754C7D2A-DC77-4725-BE47-73C6A80D338A}"
EndProject
Project("{FAE04EC0-301F-11D3-BF4B-00C04F79EFBC}") = "CopySeriesIntoShareAtSource", "CopySeries\CopySeriesIntoShareAtSource\CopySeriesIntoShareAtSource.csproj", "{37F03476-D47C-4F4E-99DC-6D62E4C95191}"
	ProjectSection(ProjectDependencies) = postProject
		{CFBED7F4-C507-4F7E-A6D6-FCCA48202231} = {CFBED7F4-C507-4F7E-A6D6-FCCA48202231}
	EndProjectSection
EndProject
Project("{FAE04EC0-301F-11D3-BF4B-00C04F79EFBC}") = "DirAtTarget", "CopySeries\DirAtTarget\DirAtTarget.csproj", "{FFCD041C-3D1D-4C4C-BF4B-75D26F2B201A}"
EndProject
Project("{FAE04EC0-301F-11D3-BF4B-00C04F79EFBC}") = "CopySeriesFromShare", "CopySeries\CopySeriesFromShare\CopySeriesFromShare.csproj", "{5184FACC-8643-40D3-85F2-2F2376835F08}"
EndProject
Global
	GlobalSection(SolutionConfigurationPlatforms) = preSolution
		Source|x64 = Source|x64
		Target|x64 = Target|x64
	EndGlobalSection
	GlobalSection(ProjectConfigurationPlatforms) = postSolution
		{CFBED7F4-C507-4F7E-A6D6-FCCA48202231}.Source|x64.ActiveCfg = Debug|x64
		{CFBED7F4-C507-4F7E-A6D6-FCCA48202231}.Source|x64.Build.0 = Debug|x64
		{CFBED7F4-C507-4F7E-A6D6-FCCA48202231}.Target|x64.ActiveCfg = Debug|x64
		{1884DE15-E601-47F5-812E-4F6F42AA5D7D}.Source|x64.ActiveCfg = Debug|x64
		{1884DE15-E601-47F5-812E-4F6F42AA5D7D}.Source|x64.Build.0 = Debug|x64
		{1884DE15-E601-47F5-812E-4F6F42AA5D7D}.Target|x64.ActiveCfg = Debug|x64
		{1884DE15-E601-47F5-812E-4F6F42AA5D7D}.Target|x64.Build.0 = Debug|x64
		{F29B2C84-E92F-4049-9C10-E91134D21ECF}.Source|x64.ActiveCfg = Debug|x64
		{F29B2C84-E92F-4049-9C10-E91134D21ECF}.Target|x64.ActiveCfg = Debug|x64
		{F29B2C84-E92F-4049-9C10-E91134D21ECF}.Target|x64.Build.0 = Debug|x64
		{37F03476-D47C-4F4E-99DC-6D62E4C95191}.Source|x64.ActiveCfg = Debug|x64
		{37F03476-D47C-4F4E-99DC-6D62E4C95191}.Source|x64.Build.0 = Debug|x64
		{37F03476-D47C-4F4E-99DC-6D62E4C95191}.Target|x64.ActiveCfg = Debug|x64
		{FFCD041C-3D1D-4C4C-BF4B-75D26F2B201A}.Source|x64.ActiveCfg = Debug|x64
		{FFCD041C-3D1D-4C4C-BF4B-75D26F2B201A}.Target|x64.ActiveCfg = Debug|x64
		{FFCD041C-3D1D-4C4C-BF4B-75D26F2B201A}.Target|x64.Build.0 = Debug|x64
		{5184FACC-8643-40D3-85F2-2F2376835F08}.Source|x64.ActiveCfg = Debug|x64
		{5184FACC-8643-40D3-85F2-2F2376835F08}.Target|x64.ActiveCfg = Debug|x64
		{5184FACC-8643-40D3-85F2-2F2376835F08}.Target|x64.Build.0 = Debug|x64
	EndGlobalSection
	GlobalSection(SolutionProperties) = preSolution
		HideSolutionNode = FALSE
	EndGlobalSection
	GlobalSection(NestedProjects) = preSolution
		{CFBED7F4-C507-4F7E-A6D6-FCCA48202231} = {754C7D2A-DC77-4725-BE47-73C6A80D338A}
		{F29B2C84-E92F-4049-9C10-E91134D21ECF} = {76CC9F73-25F8-42BA-9F82-CC131D1D1537}
		{37F03476-D47C-4F4E-99DC-6D62E4C95191} = {754C7D2A-DC77-4725-BE47-73C6A80D338A}
		{FFCD041C-3D1D-4C4C-BF4B-75D26F2B201A} = {76CC9F73-25F8-42BA-9F82-CC131D1D1537}
		{5184FACC-8643-40D3-85F2-2F2376835F08} = {76CC9F73-25F8-42BA-9F82-CC131D1D1537}
	EndGlobalSection
	GlobalSection(ExtensibilityGlobals) = postSolution
		SolutionGuid = {B9C99DB8-D22C-4FA8-A6F5-44E0E44DBCEE}
	EndGlobalSection
EndGlobal
